<?xml version="1.0" encoding="UTF-8"?>
<Scheme LastUpgradeVersion="1640" version="1.3">
  <BuildAction parallelizeBuildables="YES" buildImplicitDependencies="YES">
    <BuildActionEntries>
      <BuildActionEntry buildForTesting="YES" buildForRunning="YES" buildForProfiling="YES" buildForArchiving="YES" buildForAnalyzing="YES">
        <BuildableReference BuildableIdentifier="primary" BlueprintIdentifier="100000000000000000000001" BuildableName="TokenMeter.app" BlueprintName="TokenMeter" ReferencedContainer="container:TokenMeter.xcodeproj"/>
      </BuildActionEntry>
    </BuildActionEntries>
  </BuildAction>
  <TestAction buildConfiguration="UITesting" selectedDebuggerIdentifier="Xcode.DebuggerFoundation.Debugger.LLDB" selectedLauncherIdentifier="Xcode.IDEFoundation.Launcher.LLDB" shouldUseLaunchSchemeArgsEnv="YES">
    <Testables><TestableReference skipped="NO" parallelizable="NO">
      <BuildableReference BuildableIdentifier="primary" BlueprintIdentifier="100000000000000000000002" BuildableName="TokenMeterUITests.xctest" BlueprintName="TokenMeterUITests" ReferencedContainer="container:TokenMeter.xcodeproj"/>
    </TestableReference></Testables>
  </TestAction>
  <LaunchAction buildConfiguration="Debug" selectedDebuggerIdentifier="Xcode.DebuggerFoundation.Debugger.LLDB" selectedLauncherIdentifier="Xcode.IDEFoundation.Launcher.LLDB" launchStyle="0" useCustomWorkingDirectory="NO" ignoresPersistentStateOnLaunch="NO" debugDocumentVersioning="YES" debugServiceExtension="internal" allowLocationSimulation="NO">
    <BuildableProductRunnable runnableDebuggingMode="0"><BuildableReference BuildableIdentifier="primary" BlueprintIdentifier="100000000000000000000001" BuildableName="TokenMeter.app" BlueprintName="TokenMeter" ReferencedContainer="container:TokenMeter.xcodeproj"/></BuildableProductRunnable>
  </LaunchAction>
  <ProfileAction buildConfiguration="Release" shouldUseLaunchSchemeArgsEnv="YES" savedToolIdentifier="" useCustomWorkingDirectory="NO" debugDocumentVersioning="YES">
    <BuildableProductRunnable runnableDebuggingMode="0"><BuildableReference BuildableIdentifier="primary" BlueprintIdentifier="100000000000000000000001" BuildableName="TokenMeter.app" BlueprintName="TokenMeter" ReferencedContainer="container:TokenMeter.xcodeproj"/></BuildableProductRunnable>
  </ProfileAction>
  <AnalyzeAction buildConfiguration="Debug"/>
  <ArchiveAction buildConfiguration="Release" revealArchiveInOrganizer="YES"/>
</Scheme>
